
Microsoft Visual Studio Solution File, Format Version 12.00
# Visual Studio 14
VisualStudioVersion = 14.0.25420.1
MinimumVisualStudioVersion = 10.0.40219.1
Project("{FAE04EC0-301F-11D3-BF4B-00C04F79EFBC}") = "AquarisBasicMaker", "AquarisBasicMaker\AquarisBasicMaker.csproj", "{86F1A41A-4CA6-41A5-BAE3-5C6AF9F6BEB5}"
EndProject
Project("{54435603-DBB4-11D2-8724-00A0C9A8B90C}") = "AquBasicMaker", "AquBasicMaker\AquBasicMaker.vdproj", "{193209FF-F4E1-49F3-A37E-5B0013E73936}"
EndProject
Global
	GlobalSection(SolutionConfigurationPlatforms) = preSolution
		Debug|Any CPU = Debug|Any CPU
		Release|Any CPU = Release|Any CPU
	EndGlobalSection
	GlobalSection(ProjectConfigurationPlatforms) = postSolution
		{86F1A41A-4CA6-41A5-BAE3-5C6AF9F6BEB5}.Debug|Any CPU.ActiveCfg = Debug|Any CPU
		{86F1A41A-4CA6-41A5-BAE3-5C6AF9F6BEB5}.Debug|Any CPU.Build.0 = Debug|Any CPU
		{86F1A41A-4CA6-41A5-BAE3-5C6AF9F6BEB5}.Release|Any CPU.ActiveCfg = Release|Any CPU
		{86F1A41A-4CA6-41A5-BAE3-5C6AF9F6BEB5}.Release|Any CPU.Build.0 = Release|Any CPU
		{193209FF-F4E1-49F3-A37E-5B0013E73936}.Debug|Any CPU.ActiveCfg = Debug
		{193209FF-F4E1-49F3-A37E-5B0013E73936}.Release|Any CPU.ActiveCfg = Release
	EndGlobalSection
	GlobalSection(SolutionProperties) = preSolution
		HideSolutionNode = FALSE
	EndGlobalSection
EndGlobal
